github.com/fermyon/spin/sdk/go v0.6.0 h1:NHpg0XylARw/6GYpuklaw4M8f2L30hagfoURn9k2duo=
github.com/fermyon/spin/sdk/go v0.6.0/go.mod h1:ARV2oVtnUCykLM+xCBZq8MQrCZddzb3JbeBettYv1S0=
github.com/gorilla/mux v1.8.0 h1:i40aqfkR1h2SlN9hojwV5ZA91wcXFOvkdNIeFDP5koI=
github.com/gorilla/mux v1.8.0/go.mod h1:DVbg23sWSpFRCP0SfiEN6jmj59UnW/n46BH5rLB71So=
